
Microsoft Visual Studio Solution File, Format Version 12.00
# Visual Studio Version 16
VisualStudioVersion = 16.0.31424.327
MinimumVisualStudioVersion = 10.0.40219.1
Project("{FAE04EC0-301F-11D3-BF4B-00C04F79EFBC}") = "WebApplication1.Server", "WebApplication1\Server\WebApplication1.Server.csproj", "{6EDA63C2-9F01-4D38-8D06-EC22F0351CE8}"
EndProject
Project("{FAE04EC0-301F-11D3-BF4B-00C04F79EFBC}") = "WebApplication1.Client", "WebApplication1\Client\WebApplication1.Client.csproj", "{C850265C-3C94-48B3-B62A-7F307CC928B7}"
EndProject
Project("{FAE04EC0-301F-11D3-BF4B-00C04F79EFBC}") = "WebApplication1.Shared", "WebApplication1\Shared\WebApplication1.Shared.csproj", "{5E8D2AFD-A6EF-4E26-AB4B-F80F9D395A0B}"
EndProject
Global
	GlobalSection(SolutionConfigurationPlatforms) = preSolution
		Debug|Any CPU = Debug|Any CPU
		Release|Any CPU = Release|Any CPU
	EndGlobalSection
	GlobalSection(ProjectConfigurationPlatforms) = postSolution
		{6EDA63C2-9F01-4D38-8D06-EC22F0351CE8}.Debug|Any CPU.ActiveCfg = Debug|Any CPU
		{6EDA63C2-9F01-4D38-8D06-EC22F0351CE8}.Debug|Any CPU.Build.0 = Debug|Any CPU
		{6EDA63C2-9F01-4D38-8D06-EC22F0351CE8}.Release|Any CPU.ActiveCfg = Release|Any CPU
		{6EDA63C2-9F01-4D38-8D06-EC22F0351CE8}.Release|Any CPU.Build.0 = Release|Any CPU
		{C850265C-3C94-48B3-B62A-7F307CC928B7}.Debug|Any CPU.ActiveCfg = Debug|Any CPU
		{C850265C-3C94-48B3-B62A-7F307CC928B7}.Debug|Any CPU.Build.0 = Debug|Any CPU
		{C850265C-3C94-48B3-B62A-7F307CC928B7}.Release|Any CPU.ActiveCfg = Release|Any CPU
		{C850265C-3C94-48B3-B62A-7F307CC928B7}.Release|Any CPU.Build.0 = Release|Any CPU
		{5E8D2AFD-A6EF-4E26-AB4B-F80F9D395A0B}.Debug|Any CPU.ActiveCfg = Debug|Any CPU
		{5E8D2AFD-A6EF-4E26-AB4B-F80F9D395A0B}.Debug|Any CPU.Build.0 = Debug|Any CPU
		{5E8D2AFD-A6EF-4E26-AB4B-F80F9D395A0B}.Release|Any CPU.ActiveCfg = Release|Any CPU
		{5E8D2AFD-A6EF-4E26-AB4B-F80F9D395A0B}.Release|Any CPU.Build.0 = Release|Any CPU
	EndGlobalSection
	GlobalSection(SolutionProperties) = preSolution
		HideSolutionNode = FALSE
	EndGlobalSection
	GlobalSection(ExtensibilityGlobals) = postSolution
		SolutionGuid = {0AA32EFF-6898-4969-925F-6B429499874E}
	EndGlobalSection
EndGlobal
